// !$*UTF8*$!
{
	archiveVersion = 1;
	classes = {
	};
	objectVersion = 46;
	objects = {

/* Begin PBXBuildFile section */
		8466990A146D41E9004BC05C /* libz.dylib in Frameworks */ = {isa = PBXBuildFile; fileRef = 84669909146D41E9004BC05C /* libz.dylib */; };
		8470646A151899A3000536D8 /* THPagedScrollView.m in Sources */ = {isa = PBXBuildFile; fileRef = 84706469151899A3000536D8 /* THPagedScrollView.m */; };
		84851FA114F3A05100AF0B98 /* WSTabBarController.m in Sources */ = {isa = PBXBuildFile; fileRef = 84851FA014F3A05100AF0B98 /* WSTabBarController.m */; };
		D82085B713595A70002A83FF /* WSTimetableController.m in Sources */ = {isa = PBXBuildFile; fileRef = D82085B513595A70002A83FF /* WSTimetableController.m */; };
		D82085B913595B98002A83FF /* WSTimetableController.xib in Resources */ = {isa = PBXBuildFile; fileRef = D82085B813595B98002A83FF /* WSTimetableController.xib */; };
		D8406FF41403D2EE0087A3CD /* WSClassCell.m in Sources */ = {isa = PBXBuildFile; fileRef = D8406FF21403D2EE0087A3CD /* WSClassCell.m */; };
		D8406FF51403D2EE0087A3CD /* WSClassCell.xib in Resources */ = {isa = PBXBuildFile; fileRef = D8406FF31403D2EE0087A3CD /* WSClassCell.xib */; };
		D8406FF814044FDC0087A3CD /* WSTimetableDay.m in Sources */ = {isa = PBXBuildFile; fileRef = D8406FF714044FDA0087A3CD /* WSTimetableDay.m */; };
		D8406FFB140450AB0087A3CD /* WSLesson.m in Sources */ = {isa = PBXBuildFile; fileRef = D8406FFA140450AA0087A3CD /* WSLesson.m */; };
		D88063001305AC87002774C7 /* WSNotice.m in Sources */ = {isa = PBXBuildFile; fileRef = D88062FF1305AC87002774C7 /* WSNotice.m */; };
		E20C8BEA130AEB3C002AE235 /* UILabel+VerticalAlign.m in Sources */ = {isa = PBXBuildFile; fileRef = E20C8BE9130AEB3B002AE235 /* UILabel+VerticalAlign.m */; };
		E212BEB6130FD8350009F2D2 /* 18-envelope.png in Resources */ = {isa = PBXBuildFile; fileRef = E212BEB5130FD8350009F2D2 /* 18-envelope.png */; };
		E212BEBC130FE8360009F2D2 /* WSProfileController.m in Sources */ = {isa = PBXBuildFile; fileRef = E212BEBA130FE8360009F2D2 /* WSProfileController.m */; };
		E212BEBD130FE8360009F2D2 /* WSProfileController.xib in Resources */ = {isa = PBXBuildFile; fileRef = E212BEBB130FE8360009F2D2 /* WSProfileController.xib */; };
		E212BED2130FEC910009F2D2 /* WSProfile.m in Sources */ = {isa = PBXBuildFile; fileRef = E212BED1130FEC910009F2D2 /* WSProfile.m */; };
		E21801F71522556E000510F2 /* 11-clock.png in Resources */ = {isa = PBXBuildFile; fileRef = E21801F61522556E000510F2 /* 11-clock.png */; };
		E21801F915226481000510F2 /* 11-clock@2x.png in Resources */ = {isa = PBXBuildFile; fileRef = E21801F815226481000510F2 /* 11-clock@2x.png */; };
		E21801FB15226570000510F2 /* 18-envelope@2x.png in Resources */ = {isa = PBXBuildFile; fileRef = E21801FA15226570000510F2 /* 18-envelope@2x.png */; };
		E21801FD15226581000510F2 /* 48-fork-and-knife@2x.png in Resources */ = {isa = PBXBuildFile; fileRef = E21801FC15226581000510F2 /* 48-fork-and-knife@2x.png */; };
		E21801FF152265B9000510F2 /* 111-user@2x.png in Resources */ = {isa = PBXBuildFile; fileRef = E21801FE152265B9000510F2 /* 111-user@2x.png */; };
		E2180201152265CC000510F2 /* 117-todo@2x.png in Resources */ = {isa = PBXBuildFile; fileRef = E2180200152265CC000510F2 /* 117-todo@2x.png */; };
		E2180203152265E3000510F2 /* 166-newspaper@2x.png in Resources */ = {isa = PBXBuildFile; fileRef = E2180202152265E3000510F2 /* 166-newspaper@2x.png */; };
		E225589712FEBB7300D34090 /* icon.png in Resources */ = {isa = PBXBuildFile; fileRef = E225589612FEBB7300D34090 /* icon.png */; };
		E225589912FEBC2100D34090 /* iconiPad.png in Resources */ = {isa = PBXBuildFile; fileRef = E225589812FEBC2100D34090 /* iconiPad.png */; };
		E225589C12FEC81600D34090 /* WSAPIDelegate.m in Sources */ = {isa = PBXBuildFile; fileRef = E225589B12FEC81100D34090 /* WSAPIDelegate.m */; };
		E228C89A130F626600E135FF /* WSAboutController.m in Sources */ = {isa = PBXBuildFile; fileRef = E228C898130F626600E135FF /* WSAboutController.m */; };
		E228C89B130F626600E135FF /* WSAboutController.xib in Resources */ = {isa = PBXBuildFile; fileRef = E228C899130F626600E135FF /* WSAboutController.xib */; };
		E228C89E130F731D00E135FF /* MessageUI.framework in Frameworks */ = {isa = PBXBuildFile; fileRef = E228C89D130F731D00E135FF /* MessageUI.framework */; };
		E237B3B81458935D0033B38A /* TapkuLibrary.bundle in Resources */ = {isa = PBXBuildFile; fileRef = E237B3B71458935D0033B38A /* TapkuLibrary.bundle */; };
		E25723C7125E78E000B0380C /* NSDate+Helper.m in Sources */ = {isa = PBXBuildFile; fileRef = E25723C6125E78E000B0380C /* NSDate+Helper.m */; };
		E2612CF312F4823200BB13E5 /* WSMealsTableViewDelegate.m in Sources */ = {isa = PBXBuildFile; fileRef = E2612CF212F4823200BB13E5 /* WSMealsTableViewDelegate.m */; };
		E262E05D1300A1FF008D4E18 /* WSDataManager.m in Sources */ = {isa = PBXBuildFile; fileRef = E262E05C1300A1FD008D4E18 /* WSDataManager.m */; };
		E26DADCD1332737600B6B0EC /* WSColouredNavigationBar.m in Sources */ = {isa = PBXBuildFile; fileRef = E26DADCC1332737600B6B0EC /* WSColouredNavigationBar.m */; };
		E2871E4113258D57009FB406 /* Default.png in Resources */ = {isa = PBXBuildFile; fileRef = E2871E4013258D57009FB406 /* Default.png */; };
		E2871E4313258DCA009FB406 /* Default-Portrait~ipad.png in Resources */ = {isa = PBXBuildFile; fileRef = E2871E4213258DCA009FB406 /* Default-Portrait~ipad.png */; };
		E2871E4513258DD6009FB406 /* Default-Landscape~ipad.png in Resources */ = {isa = PBXBuildFile; fileRef = E2871E4413258DD6009FB406 /* Default-Landscape~ipad.png */; };
		E2897142130705F0005483A6 /* WSDetailPrep.m in Sources */ = {isa = PBXBuildFile; fileRef = E2897140130705F0005483A6 /* WSDetailPrep.m */; };
		E2897143130705F0005483A6 /* WSDetailPrep.xib in Resources */ = {isa = PBXBuildFile; fileRef = E2897141130705F0005483A6 /* WSDetailPrep.xib */; };
		E29437BC1263B5CF00CFF0C0 /* WSFoodViewController.m in Sources */ = {isa = PBXBuildFile; fileRef = E29437BA1263B5CF00CFF0C0 /* WSFoodViewController.m */; };
		E29437BD1263B5CF00CFF0C0 /* WSFoodViewController.xib in Resources */ = {isa = PBXBuildFile; fileRef = E29437BB1263B5CF00CFF0C0 /* WSFoodViewController.xib */; };
		E29A26E91236C6F700C084B7 /* UIKit.framework in Frameworks */ = {isa = PBXBuildFile; fileRef = E29A26E81236C6F700C084B7 /* UIKit.framework */; settings = {ATTRIBUTES = (Required, ); }; };
		E29A26EB1236C6F700C084B7 /* Foundation.framework in Frameworks */ = {isa = PBXBuildFile; fileRef = E29A26EA1236C6F700C084B7 /* Foundation.framework */; settings = {ATTRIBUTES = (Weak, ); }; };
		E29A26ED1236C6F700C084B7 /* CoreGraphics.framework in Frameworks */ = {isa = PBXBuildFile; fileRef = E29A26EC1236C6F700C084B7 /* CoreGraphics.framework */; settings = {ATTRIBUTES = (Required, ); }; };
		E29A26F21236C6F700C084B7 /* InfoPlist.strings in Resources */ = {isa = PBXBuildFile; fileRef = E29A26F01236C6F700C084B7 /* InfoPlist.strings */; };
		E29A26F41236C6F700C084B7 /* main.m in Sources */ = {isa = PBXBuildFile; fileRef = E29A26F31236C6F700C084B7 /* main.m */; };
		E29A26F71236C6F700C084B7 /* WestminsterAppDelegate.m in Sources */ = {isa = PBXBuildFile; fileRef = E29A26F61236C6F700C084B7 /* WestminsterAppDelegate.m */; };
		E29A271F1236CDAB00C084B7 /* WSDataFetcher.m in Sources */ = {isa = PBXBuildFile; fileRef = E29A271E1236CDAB00C084B7 /* WSDataFetcher.m */; };
		E29D744A131A9C0800B05163 /* WSNoticeCell.m in Sources */ = {isa = PBXBuildFile; fileRef = E29D7449131A9C0800B05163 /* WSNoticeCell.m */; };
		E2A3710112F477C700061B2D /* 48-fork-and-knife.png in Resources */ = {isa = PBXBuildFile; fileRef = E2A3710012F477C700061B2D /* 48-fork-and-knife.png */; };
		E2A77DB51520EF5700B46720 /* libTestFlight.a in Frameworks */ = {isa = PBXBuildFile; fileRef = E2A77DB11520EF5700B46720 /* libTestFlight.a */; };
		E2A77DB61520EF5700B46720 /* README.txt in Resources */ = {isa = PBXBuildFile; fileRef = E2A77DB21520EF5700B46720 /* README.txt */; };
		E2A77DB71520EF5700B46720 /* release_notes.txt in Resources */ = {isa = PBXBuildFile; fileRef = E2A77DB31520EF5700B46720 /* release_notes.txt */; };
		E2A77DBF1520FDC400B46720 /* libTapkuLibrary.a in Frameworks */ = {isa = PBXBuildFile; fileRef = E237B3B9145893E90033B38A /* libTapkuLibrary.a */; };
		E2A95F1B13076360009CE9ED /* libGoogleAnalytics.a in Frameworks */ = {isa = PBXBuildFile; fileRef = E2A95F1A13076360009CE9ED /* libGoogleAnalytics.a */; settings = {ATTRIBUTES = (Required, ); }; };
		E2A95F1D130763CE009CE9ED /* libsqlite3.0.dylib in Frameworks */ = {isa = PBXBuildFile; fileRef = E2A95F1C130763CE009CE9ED /* libsqlite3.0.dylib */; };
		E2AE1C5212FED04500A5CE4E /* WSAuthController.m in Sources */ = {isa = PBXBuildFile; fileRef = E2AE1C5012FED04500A5CE4E /* WSAuthController.m */; };
		E2AE1C5312FED04500A5CE4E /* WSAuthController.xib in Resources */ = {isa = PBXBuildFile; fileRef = E2AE1C5112FED04500A5CE4E /* WSAuthController.xib */; };
		E2AE1C5612FED50400A5CE4E /* WSAuthManager.m in Sources */ = {isa = PBXBuildFile; fileRef = E2AE1C5512FED50300A5CE4E /* WSAuthManager.m */; };
		E2AE1C6A12FF02B700A5CE4E /* MapKit.framework in Frameworks */ = {isa = PBXBuildFile; fileRef = E2AE1C6912FF02B600A5CE4E /* MapKit.framework */; };
		E2AE1C6E12FF046800A5CE4E /* QuartzCore.framework in Frameworks */ = {isa = PBXBuildFile; fileRef = E2AE1C6D12FF046700A5CE4E /* QuartzCore.framework */; };
		E2AE1C7212FF3CA300A5CE4E /* WSNoticeController.m in Sources */ = {isa = PBXBuildFile; fileRef = E2AE1C7012FF3CA200A5CE4E /* WSNoticeController.m */; };
		E2AE1C7312FF3CA300A5CE4E /* WSNoticeController.xib in Resources */ = {isa = PBXBuildFile; fileRef = E2AE1C7112FF3CA200A5CE4E /* WSNoticeController.xib */; };
		E2B05BB813131B4B00D2E7CD /* 111-user.png in Resources */ = {isa = PBXBuildFile; fileRef = E2B05BB713131B4B00D2E7CD /* 111-user.png */; };
		E2CB4BA1151D426E004766EB /* WSTimetableTableViewDelegate.m in Sources */ = {isa = PBXBuildFile; fileRef = E2CB4BA0151D426E004766EB /* WSTimetableTableViewDelegate.m */; };
		E2CC48E41320294D000B7138 /* WSCreditsController.m in Sources */ = {isa = PBXBuildFile; fileRef = E2CC48E21320294C000B7138 /* WSCreditsController.m */; };
		E2CC48E51320294D000B7138 /* WSCreditsController.xib in Resources */ = {isa = PBXBuildFile; fileRef = E2CC48E31320294D000B7138 /* WSCreditsController.xib */; };
		E2CC48E7132029CE000B7138 /* Credits.plist in Resources */ = {isa = PBXBuildFile; fileRef = E2CC48E6132029CE000B7138 /* Credits.plist */; };
		E2CC48E913203A8E000B7138 /* 166-newspaper.png in Resources */ = {isa = PBXBuildFile; fileRef = E2CC48E813203A8E000B7138 /* 166-newspaper.png */; };
		E2D05952125548AC00696D71 /* WSDayFood.m in Sources */ = {isa = PBXBuildFile; fileRef = E2D05951125548AC00696D71 /* WSDayFood.m */; };
		E2D542F01304878900C22202 /* WSPrep.m in Sources */ = {isa = PBXBuildFile; fileRef = E2D542EF1304878900C22202 /* WSPrep.m */; };
		E2D5A3D61304737000908FC4 /* WSPrepController.m in Sources */ = {isa = PBXBuildFile; fileRef = E2D5A3D51304737000908FC4 /* WSPrepController.m */; };
		E2D5A3D9130473BB00908FC4 /* WSPrepViewCell.m in Sources */ = {isa = PBXBuildFile; fileRef = E2D5A3D8130473BB00908FC4 /* WSPrepViewCell.m */; };
		E2D5A3DC1304745100908FC4 /* WSPrepViewCell.xib in Resources */ = {isa = PBXBuildFile; fileRef = E2D5A3DB1304745100908FC4 /* WSPrepViewCell.xib */; };
		E2D5A3DE130479CB00908FC4 /* 117-todo.png in Resources */ = {isa = PBXBuildFile; fileRef = E2D5A3DD130479CB00908FC4 /* 117-todo.png */; };
		E2EC32F9140E679100197BBE /* UINavigationBar+ProfileColours.m in Sources */ = {isa = PBXBuildFile; fileRef = E2EC32F8140E679100197BBE /* UINavigationBar+ProfileColours.m */; };
		E2F88BAB12FDEA5B00D5D078 /* ASIAuthenticationDialog.m in Sources */ = {isa = PBXBuildFile; fileRef = E2F88B5A12FDEA5B00D5D078 /* ASIAuthenticationDialog.m */; };
		E2F88BAC12FDEA5B00D5D078 /* ASIDataCompressor.m in Sources */ = {isa = PBXBuildFile; fileRef = E2F88B5D12FDEA5B00D5D078 /* ASIDataCompressor.m */; };
		E2F88BAD12FDEA5B00D5D078 /* ASIDataDecompressor.m in Sources */ = {isa = PBXBuildFile; fileRef = E2F88B5F12FDEA5B00D5D078 /* ASIDataDecompressor.m */; };
		E2F88BAE12FDEA5B00D5D078 /* ASIDownloadCache.m in Sources */ = {isa = PBXBuildFile; fileRef = E2F88B6112FDEA5B00D5D078 /* ASIDownloadCache.m */; };
		E2F88BAF12FDEA5B00D5D078 /* ASIFormDataRequest.m in Sources */ = {isa = PBXBuildFile; fileRef = E2F88B6312FDEA5B00D5D078 /* ASIFormDataRequest.m */; };
		E2F88BB012FDEA5B00D5D078 /* ASIHTTPRequest.m in Sources */ = {isa = PBXBuildFile; fileRef = E2F88B6512FDEA5B00D5D078 /* ASIHTTPRequest.m */; };
		E2F88BB112FDEA5B00D5D078 /* ASIInputStream.m in Sources */ = {isa = PBXBuildFile; fileRef = E2F88B6912FDEA5B00D5D078 /* ASIInputStream.m */; };
		E2F88BB212FDEA5B00D5D078 /* ASINetworkQueue.m in Sources */ = {isa = PBXBuildFile; fileRef = E2F88B6B12FDEA5B00D5D078 /* ASINetworkQueue.m */; };
		E2F88BD512FDF2B400D5D078 /* Reachability.m in Sources */ = {isa = PBXBuildFile; fileRef = E2F88BD412FDF2B400D5D078 /* Reachability.m */; };
		E2FECD0512FDF85F0028A348 /* CFNetwork.framework in Frameworks */ = {isa = PBXBuildFile; fileRef = E2FECD0412FDF85F0028A348 /* CFNetwork.framework */; settings = {ATTRIBUTES = (Required, ); }; };
		E2FECD0712FDF8720028A348 /* SystemConfiguration.framework in Frameworks */ = {isa = PBXBuildFile; fileRef = E2FECD0612FDF8720028A348 /* SystemConfiguration.framework */; };
		E2FECD0912FDF87B0028A348 /* MobileCoreServices.framework in Frameworks */ = {isa = PBXBuildFile; fileRef = E2FECD0812FDF87B0028A348 /* MobileCoreServices.framework */; };
		E2FECD0E12FDFE5A0028A348 /* WSXMLDataParser.m in Sources */ = {isa = PBXBuildFile; fileRef = E2FECD0D12FDFE5A0028A348 /* WSXMLDataParser.m */; };
		E2FECD1212FE03F80028A348 /* GDataXMLNode.m in Sources */ = {isa = PBXBuildFile; fileRef = E2FECD1112FE03F80028A348 /* GDataXMLNode.m */; };
		E2FECD1612FE07130028A348 /* libxml2.dylib in Frameworks */ = {isa = PBXBuildFile; fileRef = E2FECD1512FE07130028A348 /* libxml2.dylib */; };
/* End PBXBuildFile section */

/* Begin PBXContainerItemProxy section */
		E235BA6E1459B5E700D1294F /* PBXContainerItemProxy */ = {
			isa = PBXContainerItemProxy;
			containerPortal = E276925D132D40D3000302C2 /* TapkuLibrary.xcodeproj */;
			proxyType = 2;
			remoteGlobalIDString = D2AAC07E0554694100DB518D;
			remoteInfo = TapkuLibrary;
		};
		E235BA701459B5E700D1294F /* PBXContainerItemProxy */ = {
			isa = PBXContainerItemProxy;
			containerPortal = E276925D132D40D3000302C2 /* TapkuLibrary.xcodeproj */;
			proxyType = 2;
			remoteGlobalIDString = 3B45DDF1134C736600D24C1A;
			remoteInfo = LogicTests;
		};
/* End PBXContainerItemProxy section */

/* Begin PBXFileReference section */
		84669909146D41E9004BC05C /* libz.dylib */ = {isa = PBXFileReference; lastKnownFileType = "compiled.mach-o.dylib"; name = libz.dylib; path = usr/lib/libz.dylib; sourceTree = SDKROOT; };
		84706468151899A3000536D8 /* THPagedScrollView.h */ = {isa = PBXFileReference; fileEncoding = 4; lastKnownFileType = sourcecode.c.h; name = THPagedScrollView.h; path = View/THPagedScrollView.h; sourceTree = "<group>"; };
		84706469151899A3000536D8 /* THPagedScrollView.m */ = {isa = PBXFileReference; fileEncoding = 4; lastKnownFileType = sourcecode.c.objc; name = THPagedScrollView.m; path = View/THPagedScrollView.m; sourceTree = "<group>"; };
		84851F9F14F3A05100AF0B98 /* WSTabBarController.h */ = {isa = PBXFileReference; fileEncoding = 4; lastKnownFileType = sourcecode.c.h; name = WSTabBarController.h; path = Model/WSTabBarController.h; sourceTree = "<group>"; };
		84851FA014F3A05100AF0B98 /* WSTabBarController.m */ = {isa = PBXFileReference; fileEncoding = 4; lastKnownFileType = sourcecode.c.objc; name = WSTabBarController.m; path = Model/WSTabBarController.m; sourceTree = "<group>"; };
		D82085B513595A70002A83FF /* WSTimetableController.m */ = {isa = PBXFileReference; fileEncoding = 4; lastKnownFileType = sourcecode.c.objc; path = WSTimetableController.m; sourceTree = "<group>"; };
		D82085B613595A70002A83FF /* WSTimetableController.h */ = {isa = PBXFileReference; fileEncoding = 4; lastKnownFileType = sourcecode.c.h; path = WSTimetableController.h; sourceTree = "<group>"; };
		D82085B813595B98002A83FF /* WSTimetableController.xib */ = {isa = PBXFileReference; fileEncoding = 4; lastKnownFileType = file.xib; name = WSTimetableController.xib; path = Classes/WSTimetableController.xib; sourceTree = "<group>"; };
		D8406FF11403D2EE0087A3CD /* WSClassCell.h */ = {isa = PBXFileReference; fileEncoding = 4; lastKnownFileType = sourcecode.c.h; name = WSClassCell.h; path = View/WSClassCell.h; sourceTree = "<group>"; };
		D8406FF21403D2EE0087A3CD /* WSClassCell.m */ = {isa = PBXFileReference; fileEncoding = 4; lastKnownFileType = sourcecode.c.objc; name = WSClassCell.m; path = View/WSClassCell.m; sourceTree = "<group>"; };
		D8406FF31403D2EE0087A3CD /* WSClassCell.xib */ = {isa = PBXFileReference; fileEncoding = 4; lastKnownFileType = file.xib; name = WSClassCell.xib; path = Classes/View/WSClassCell.xib; sourceTree = "<group>"; };
		D8406FF614044FD90087A3CD /* WSTimetableDay.h */ = {isa = PBXFileReference; fileEncoding = 4; lastKnownFileType = sourcecode.c.h; name = WSTimetableDay.h; path = Model/WSTimetableDay.h; sourceTree = "<group>"; };
		D8406FF714044FDA0087A3CD /* WSTimetableDay.m */ = {isa = PBXFileReference; fileEncoding = 4; lastKnownFileType = sourcecode.c.objc; name = WSTimetableDay.m; path = Model/WSTimetableDay.m; sourceTree = "<group>"; };
		D8406FF9140450A90087A3CD /* WSLesson.h */ = {isa = PBXFileReference; fileEncoding = 4; lastKnownFileType = sourcecode.c.h; name = WSLesson.h; path = Model/WSLesson.h; sourceTree = "<group>"; };
		D8406FFA140450AA0087A3CD /* WSLesson.m */ = {isa = PBXFileReference; fileEncoding = 4; lastKnownFileType = sourcecode.c.objc; name = WSLesson.m; path = Model/WSLesson.m; sourceTree = "<group>"; };
		D840700B1405A75A0087A3CD /* libz.1.2.5.dylib */ = {isa = PBXFileReference; lastKnownFileType = "compiled.mach-o.dylib"; name = libz.1.2.5.dylib; path = usr/lib/libz.1.2.5.dylib; sourceTree = SDKROOT; };
		D88062FE1305AC87002774C7 /* WSNotice.h */ = {isa = PBXFileReference; fileEncoding = 4; lastKnownFileType = sourcecode.c.h; name = WSNotice.h; path = Model/WSNotice.h; sourceTree = "<group>"; };
		D88062FF1305AC87002774C7 /* WSNotice.m */ = {isa = PBXFileReference; fileEncoding = 4; lastKnownFileType = sourcecode.c.objc; name = WSNotice.m; path = Model/WSNotice.m; sourceTree = "<group>"; };
		E20C8BE8130AEB3B002AE235 /* UILabel+VerticalAlign.h */ = {isa = PBXFileReference; fileEncoding = 4; lastKnownFileType = sourcecode.c.h; name = "UILabel+VerticalAlign.h"; path = "../UILabel+VerticalAlign.h"; sourceTree = "<group>"; };
		E20C8BE9130AEB3B002AE235 /* UILabel+VerticalAlign.m */ = {isa = PBXFileReference; fileEncoding = 4; lastKnownFileType = sourcecode.c.objc; name = "UILabel+VerticalAlign.m"; path = "../UILabel+VerticalAlign.m"; sourceTree = "<group>"; };
		E212BEB5130FD8350009F2D2 /* 18-envelope.png */ = {isa = PBXFileReference; lastKnownFileType = image.png; path = "18-envelope.png"; sourceTree = "<group>"; };
		E212BEB9130FE8360009F2D2 /* WSProfileController.h */ = {isa = PBXFileReference; fileEncoding = 4; lastKnownFileType = sourcecode.c.h; name = WSProfileController.h; path = Controllers/WSProfileController.h; sourceTree = "<group>"; };
		E212BEBA130FE8360009F2D2 /* WSProfileController.m */ = {isa = PBXFileReference; fileEncoding = 4; lastKnownFileType = sourcecode.c.objc; name = WSProfileController.m; path = Controllers/WSProfileController.m; sourceTree = "<group>"; };
		E212BEBB130FE8360009F2D2 /* WSProfileController.xib */ = {isa = PBXFileReference; fileEncoding = 4; lastKnownFileType = file.xib; name = WSProfileController.xib; path = Classes/Controllers/WSProfileController.xib; sourceTree = "<group>"; };
		E212BED0130FEC910009F2D2 /* WSProfile.h */ = {isa = PBXFileReference; fileEncoding = 4; lastKnownFileType = sourcecode.c.h; path = WSProfile.h; sourceTree = "<group>"; };
		E212BED1130FEC910009F2D2 /* WSProfile.m */ = {isa = PBXFileReference; fileEncoding = 4; lastKnownFileType = sourcecode.c.objc; path = WSProfile.m; sourceTree = "<group>"; };
		E21801F61522556E000510F2 /* 11-clock.png */ = {isa = PBXFileReference; lastKnownFileType = image.png; path = "11-clock.png"; sourceTree = "<group>"; };
		E21801F815226481000510F2 /* 11-clock@2x.png */ = {isa = PBXFileReference; lastKnownFileType = image.png; path = "11-clock@2x.png"; sourceTree = "<group>"; };
		E21801FA15226570000510F2 /* 18-envelope@2x.png */ = {isa = PBXFileReference; lastKnownFileType = image.png; path = "18-envelope@2x.png"; sourceTree = "<group>"; };
		E21801FC15226581000510F2 /* 48-fork-and-knife@2x.png */ = {isa = PBXFileReference; lastKnownFileType = image.png; path = "48-fork-and-knife@2x.png"; sourceTree = "<group>"; };
		E21801FE152265B9000510F2 /* 111-user@2x.png */ = {isa = PBXFileReference; lastKnownFileType = image.png; path = "111-user@2x.png"; sourceTree = "<group>"; };
		E2180200152265CC000510F2 /* 117-todo@2x.png */ = {isa = PBXFileReference; lastKnownFileType = image.png; path = "117-todo@2x.png"; sourceTree = "<group>"; };
		E2180202152265E3000510F2 /* 166-newspaper@2x.png */ = {isa = PBXFileReference; lastKnownFileType = image.png; path = "166-newspaper@2x.png"; sourceTree = "<group>"; };
		E225589612FEBB7300D34090 /* icon.png */ = {isa = PBXFileReference; lastKnownFileType = image.png; path = icon.png; sourceTree = "<group>"; };
		E225589812FEBC2100D34090 /* iconiPad.png */ = {isa = PBXFileReference; lastKnownFileType = image.png; path = iconiPad.png; sourceTree = "<group>"; };
		E225589A12FEC80C00D34090 /* WSAPIDelegate.h */ = {isa = PBXFileReference; fileEncoding = 4; lastKnownFileType = sourcecode.c.h; path = WSAPIDelegate.h; sourceTree = "<group>"; };
		E225589B12FEC81100D34090 /* WSAPIDelegate.m */ = {isa = PBXFileReference; fileEncoding = 4; lastKnownFileType = sourcecode.c.objc; path = WSAPIDelegate.m; sourceTree = "<group>"; };
		E228C897130F626600E135FF /* WSAboutController.h */ = {isa = PBXFileReference; fileEncoding = 4; lastKnownFileType = sourcecode.c.h; name = WSAboutController.h; path = Controllers/WSAboutController.h; sourceTree = "<group>"; };
		E228C898130F626600E135FF /* WSAboutController.m */ = {isa = PBXFileReference; fileEncoding = 4; lastKnownFileType = sourcecode.c.objc; name = WSAboutController.m; path = Controllers/WSAboutController.m; sourceTree = "<group>"; };
		E228C899130F626600E135FF /* WSAboutController.xib */ = {isa = PBXFileReference; fileEncoding = 4; lastKnownFileType = file.xib; name = WSAboutController.xib; path = Classes/Controllers/WSAboutController.xib; sourceTree = "<group>"; };
		E228C89D130F731D00E135FF /* MessageUI.framework */ = {isa = PBXFileReference; lastKnownFileType = wrapper.framework; name = MessageUI.framework; path = System/Library/Frameworks/MessageUI.framework; sourceTree = SDKROOT; };
		E237B3B71458935D0033B38A /* TapkuLibrary.bundle */ = {isa = PBXFileReference; lastKnownFileType = "wrapper.plug-in"; name = TapkuLibrary.bundle; path = tapku/src/TapkuLibrary.bundle; sourceTree = "<group>"; };
		E237B3B9145893E90033B38A /* libTapkuLibrary.a */ = {isa = PBXFileReference; lastKnownFileType = archive.ar; name = libTapkuLibrary.a; path = "tapku/src/build/Release-iphoneos/libTapkuLibrary.a"; sourceTree = "<group>"; };
		E25723C5125E78E000B0380C /* NSDate+Helper.h */ = {isa = PBXFileReference; fileEncoding = 4; lastKnownFileType = sourcecode.c.h; name = "NSDate+Helper.h"; path = "../NSDate+Helper.h"; sourceTree = "<group>"; };
		E25723C6125E78E000B0380C /* NSDate+Helper.m */ = {isa = PBXFileReference; fileEncoding = 4; lastKnownFileType = sourcecode.c.objc; name = "NSDate+Helper.m"; path = "../NSDate+Helper.m"; sourceTree = "<group>"; };
		E2612CF112F4823200BB13E5 /* WSMealsTableViewDelegate.h */ = {isa = PBXFileReference; fileEncoding = 4; lastKnownFileType = sourcecode.c.h; name = WSMealsTableViewDelegate.h; path = ../WSMealsTableViewDelegate.h; sourceTree = "<group>"; };
		E2612CF212F4823200BB13E5 /* WSMealsTableViewDelegate.m */ = {isa = PBXFileReference; fileEncoding = 4; lastKnownFileType = sourcecode.c.objc; lineEnding = 0; name = WSMealsTableViewDelegate.m; path = ../WSMealsTableViewDelegate.m; sourceTree = "<group>"; xcLanguageSpecificationIdentifier = xcode.lang.objc; };
		E262E05B1300A1FC008D4E18 /* WSDataManager.h */ = {isa = PBXFileReference; fileEncoding = 4; lastKnownFileType = sourcecode.c.h; path = WSDataManager.h; sourceTree = "<group>"; };
		E262E05C1300A1FD008D4E18 /* WSDataManager.m */ = {isa = PBXFileReference; fileEncoding = 4; lastKnownFileType = sourcecode.c.objc; path = WSDataManager.m; sourceTree = "<group>"; };
		E26DADCB1332737600B6B0EC /* WSColouredNavigationBar.h */ = {isa = PBXFileReference; fileEncoding = 4; lastKnownFileType = sourcecode.c.h; name = WSColouredNavigationBar.h; path = View/WSColouredNavigationBar.h; sourceTree = "<group>"; };
		E26DADCC1332737600B6B0EC /* WSColouredNavigationBar.m */ = {isa = PBXFileReference; fileEncoding = 4; lastKnownFileType = sourcecode.c.objc; name = WSColouredNavigationBar.m; path = View/WSColouredNavigationBar.m; sourceTree = "<group>"; };
		E276925D132D40D3000302C2 /* TapkuLibrary.xcodeproj */ = {isa = PBXFileReference; lastKnownFileType = "wrapper.pb-project"; name = TapkuLibrary.xcodeproj; path = tapku/src/TapkuLibrary.xcodeproj; sourceTree = "<group>"; };
		E2871E4013258D57009FB406 /* Default.png */ = {isa = PBXFileReference; lastKnownFileType = image.png; path = Default.png; sourceTree = "<group>"; };
		E2871E4213258DCA009FB406 /* Default-Portrait~ipad.png */ = {isa = PBXFileReference; lastKnownFileType = image.png; path = "Default-Portrait~ipad.png"; sourceTree = "<group>"; };
		E2871E4413258DD6009FB406 /* Default-Landscape~ipad.png */ = {isa = PBXFileReference; lastKnownFileType = image.png; path = "Default-Landscape~ipad.png"; sourceTree = "<group>"; };
		E289713F130705F0005483A6 /* WSDetailPrep.h */ = {isa = PBXFileReference; fileEncoding = 4; lastKnownFileType = sourcecode.c.h; name = WSDetailPrep.h; path = Controllers/WSDetailPrep.h; sourceTree = "<group>"; };
		E2897140130705F0005483A6 /* WSDetailPrep.m */ = {isa = PBXFileReference; fileEncoding = 4; lastKnownFileType = sourcecode.c.objc; name = WSDetailPrep.m; path = Controllers/WSDetailPrep.m; sourceTree = "<group>"; };
		E2897141130705F0005483A6 /* WSDetailPrep.xib */ = {isa = PBXFileReference; fileEncoding = 4; lastKnownFileType = file.xib; name = WSDetailPrep.xib; path = Classes/Controllers/WSDetailPrep.xib; sourceTree = "<group>"; };
		E29437B91263B5CF00CFF0C0 /* WSFoodViewController.h */ = {isa = PBXFileReference; fileEncoding = 4; lastKnownFileType = sourcecode.c.h; name = WSFoodViewController.h; path = ../WSFoodViewController.h; sourceTree = "<group>"; };
		E29437BA1263B5CF00CFF0C0 /* WSFoodViewController.m */ = {isa = PBXFileReference; fileEncoding = 4; lastKnownFileType = sourcecode.c.objc; name = WSFoodViewController.m; path = ../WSFoodViewController.m; sourceTree = "<group>"; };
		E29437BB1263B5CF00CFF0C0 /* WSFoodViewController.xib */ = {isa = PBXFileReference; fileEncoding = 4; lastKnownFileType = file.xib; path = WSFoodViewController.xib; sourceTree = "<group>"; };
		E29A26E51236C6F700C084B7 /* Westminster.app */ = {isa = PBXFileReference; explicitFileType = wrapper.application; includeInIndex = 0; path = Westminster.app; sourceTree = BUILT_PRODUCTS_DIR; };
		E29A26E81236C6F700C084B7 /* UIKit.framework */ = {isa = PBXFileReference; lastKnownFileType = wrapper.framework; name = UIKit.framework; path = System/Library/Frameworks/UIKit.framework; sourceTree = SDKROOT; };
		E29A26EA1236C6F700C084B7 /* Foundation.framework */ = {isa = PBXFileReference; lastKnownFileType = wrapper.framework; name = Foundation.framework; path = System/Library/Frameworks/Foundation.framework; sourceTree = SDKROOT; };
		E29A26EC1236C6F700C084B7 /* CoreGraphics.framework */ = {isa = PBXFileReference; lastKnownFileType = wrapper.framework; name = CoreGraphics.framework; path = System/Library/Frameworks/CoreGraphics.framework; sourceTree = SDKROOT; };
		E29A26EE1236C6F700C084B7 /* Westminster-Info.plist */ = {isa = PBXFileReference; lastKnownFileType = text.plist.xml; path = "Westminster-Info.plist"; sourceTree = "<group>"; };
		E29A26EF1236C6F700C084B7 /* Westminster_Prefix.pch */ = {isa = PBXFileReference; lastKnownFileType = sourcecode.c.h; path = Westminster_Prefix.pch; sourceTree = "<group>"; };
		E29A26F11236C6F700C084B7 /* en */ = {isa = PBXFileReference; lastKnownFileType = text.plist.strings; name = en; path = en.lproj/InfoPlist.strings; sourceTree = "<group>"; };
		E29A26F31236C6F700C084B7 /* main.m */ = {isa = PBXFileReference; lastKnownFileType = sourcecode.c.objc; path = main.m; sourceTree = "<group>"; };
		E29A26F51236C6F700C084B7 /* WestminsterAppDelegate.h */ = {isa = PBXFileReference; lastKnownFileType = sourcecode.c.h; path = WestminsterAppDelegate.h; sourceTree = "<group>"; };
		E29A26F61236C6F700C084B7 /* WestminsterAppDelegate.m */ = {isa = PBXFileReference; lastKnownFileType = sourcecode.c.objc; path = WestminsterAppDelegate.m; sourceTree = "<group>"; };
		E29A271D1236CDAB00C084B7 /* WSDataFetcher.h */ = {isa = PBXFileReference; fileEncoding = 4; lastKnownFileType = sourcecode.c.h; name = WSDataFetcher.h; path = Model/WSDataFetcher.h; sourceTree = "<group>"; };
		E29A271E1236CDAB00C084B7 /* WSDataFetcher.m */ = {isa = PBXFileReference; fileEncoding = 4; lastKnownFileType = sourcecode.c.objc; lineEnding = 0; name = WSDataFetcher.m; path = Model/WSDataFetcher.m; sourceTree = "<group>"; xcLanguageSpecificationIdentifier = xcode.lang.objc; };
		E29D7448131A9C0800B05163 /* WSNoticeCell.h */ = {isa = PBXFileReference; fileEncoding = 4; lastKnownFileType = sourcecode.c.h; path = WSNoticeCell.h; sourceTree = "<group>"; };
		E29D7449131A9C0800B05163 /* WSNoticeCell.m */ = {isa = PBXFileReference; fileEncoding = 4; lastKnownFileType = sourcecode.c.objc; path = WSNoticeCell.m; sourceTree = "<group>"; };
		E2A3710012F477C700061B2D /* 48-fork-and-knife.png */ = {isa = PBXFileReference; lastKnownFileType = image.png; path = "48-fork-and-knife.png"; sourceTree = "<group>"; };
		E2A77DB11520EF5700B46720 /* libTestFlight.a */ = {isa = PBXFileReference; lastKnownFileType = archive.ar; path = libTestFlight.a; sourceTree = "<group>"; };
		E2A77DB21520EF5700B46720 /* README.txt */ = {isa = PBXFileReference; fileEncoding = 4; lastKnownFileType = text; path = README.txt; sourceTree = "<group>"; };
		E2A77DB31520EF5700B46720 /* release_notes.txt */ = {isa = PBXFileReference; fileEncoding = 4; lastKnownFileType = text; path = release_notes.txt; sourceTree = "<group>"; };
		E2A77DB41520EF5700B46720 /* TestFlight.h */ = {isa = PBXFileReference; fileEncoding = 4; lastKnownFileType = sourcecode.c.h; path = TestFlight.h; sourceTree = "<group>"; };
		E2A77DBA1520F5A700B46720 /* Westminster.entitlements */ = {isa = PBXFileReference; lastKnownFileType = text.xml; path = Westminster.entitlements; sourceTree = "<group>"; };
		E2A95F1913076360009CE9ED /* GANTracker.h */ = {isa = PBXFileReference; fileEncoding = 4; lastKnownFileType = sourcecode.c.h; path = GANTracker.h; sourceTree = "<group>"; };
		E2A95F1A13076360009CE9ED /* libGoogleAnalytics.a */ = {isa = PBXFileReference; lastKnownFileType = archive.ar; path = libGoogleAnalytics.a; sourceTree = "<group>"; };
		E2A95F1C130763CE009CE9ED /* libsqlite3.0.dylib */ = {isa = PBXFileReference; lastKnownFileType = "compiled.mach-o.dylib"; name = libsqlite3.0.dylib; path = usr/lib/libsqlite3.0.dylib; sourceTree = SDKROOT; };
		E2AE1C4F12FED04500A5CE4E /* WSAuthController.h */ = {isa = PBXFileReference; fileEncoding = 4; lastKnownFileType = sourcecode.c.h; path = WSAuthController.h; sourceTree = "<group>"; };
		E2AE1C5012FED04500A5CE4E /* WSAuthController.m */ = {isa = PBXFileReference; fileEncoding = 4; lastKnownFileType = sourcecode.c.objc; path = WSAuthController.m; sourceTree = "<group>"; };
		E2AE1C5112FED04500A5CE4E /* WSAuthController.xib */ = {isa = PBXFileReference; fileEncoding = 4; lastKnownFileType = file.xib; name = WSAuthController.xib; path = Classes/WSAuthController.xib; sourceTree = "<group>"; };
		E2AE1C5412FED50300A5CE4E /* WSAuthManager.h */ = {isa = PBXFileReference; fileEncoding = 4; lastKnownFileType = sourcecode.c.h; path = WSAuthManager.h; sourceTree = "<group>"; };
		E2AE1C5512FED50300A5CE4E /* WSAuthManager.m */ = {isa = PBXFileReference; fileEncoding = 4; lastKnownFileType = sourcecode.c.objc; path = WSAuthManager.m; sourceTree = "<group>"; };
		E2AE1C6912FF02B600A5CE4E /* MapKit.framework */ = {isa = PBXFileReference; lastKnownFileType = wrapper.framework; name = MapKit.framework; path = System/Library/Frameworks/MapKit.framework; sourceTree = SDKROOT; };
		E2AE1C6D12FF046700A5CE4E /* QuartzCore.framework */ = {isa = PBXFileReference; lastKnownFileType = wrapper.framework; name = QuartzCore.framework; path = System/Library/Frameworks/QuartzCore.framework; sourceTree = SDKROOT; };
		E2AE1C6F12FF3CA200A5CE4E /* WSNoticeController.h */ = {isa = PBXFileReference; fileEncoding = 4; lastKnownFileType = sourcecode.c.h; name = WSNoticeController.h; path = ../WSNoticeController.h; sourceTree = "<group>"; };
		E2AE1C7012FF3CA200A5CE4E /* WSNoticeController.m */ = {isa = PBXFileReference; fileEncoding = 4; lastKnownFileType = sourcecode.c.objc; name = WSNoticeController.m; path = ../WSNoticeController.m; sourceTree = "<group>"; };
		E2AE1C7112FF3CA200A5CE4E /* WSNoticeController.xib */ = {isa = PBXFileReference; fileEncoding = 4; lastKnownFileType = file.xib; path = WSNoticeController.xib; sourceTree = "<group>"; };
		E2B05BB713131B4B00D2E7CD /* 111-user.png */ = {isa = PBXFileReference; lastKnownFileType = image.png; path = "111-user.png"; sourceTree = "<group>"; };
		E2CB4B9F151D426E004766EB /* WSTimetableTableViewDelegate.h */ = {isa = PBXFileReference; fileEncoding = 4; lastKnownFileType = sourcecode.c.h; name = WSTimetableTableViewDelegate.h; path = Model/WSTimetableTableViewDelegate.h; sourceTree = "<group>"; };
		E2CB4BA0151D426E004766EB /* WSTimetableTableViewDelegate.m */ = {isa = PBXFileReference; fileEncoding = 4; lastKnownFileType = sourcecode.c.objc; name = WSTimetableTableViewDelegate.m; path = Model/WSTimetableTableViewDelegate.m; sourceTree = "<group>"; };
		E2CC48E11320294C000B7138 /* WSCreditsController.h */ = {isa = PBXFileReference; fileEncoding = 4; lastKnownFileType = sourcecode.c.h; path = WSCreditsController.h; sourceTree = "<group>"; };
		E2CC48E21320294C000B7138 /* WSCreditsController.m */ = {isa = PBXFileReference; fileEncoding = 4; lastKnownFileType = sourcecode.c.objc; path = WSCreditsController.m; sourceTree = "<group>"; };
		E2CC48E31320294D000B7138 /* WSCreditsController.xib */ = {isa = PBXFileReference; fileEncoding = 4; lastKnownFileType = file.xib; name = WSCreditsController.xib; path = Classes/WSCreditsController.xib; sourceTree = "<group>"; };
		E2CC48E6132029CE000B7138 /* Credits.plist */ = {isa = PBXFileReference; fileEncoding = 4; lastKnownFileType = text.plist.xml; path = Credits.plist; sourceTree = "<group>"; };
		E2CC48E813203A8E000B7138 /* 166-newspaper.png */ = {isa = PBXFileReference; lastKnownFileType = image.png; path = "166-newspaper.png"; sourceTree = "<group>"; };
		E2D05950125548AC00696D71 /* WSDayFood.h */ = {isa = PBXFileReference; fileEncoding = 4; lastKnownFileType = sourcecode.c.h; lineEnding = 0; path = WSDayFood.h; sourceTree = "<group>"; xcLanguageSpecificationIdentifier = xcode.lang.objcpp; };
		E2D05951125548AC00696D71 /* WSDayFood.m */ = {isa = PBXFileReference; fileEncoding = 4; lastKnownFileType = sourcecode.c.objc; lineEnding = 0; path = WSDayFood.m; sourceTree = "<group>"; xcLanguageSpecificationIdentifier = xcode.lang.objc; };
		E2D542EE1304878800C22202 /* WSPrep.h */ = {isa = PBXFileReference; fileEncoding = 4; lastKnownFileType = sourcecode.c.h; name = WSPrep.h; path = Model/WSPrep.h; sourceTree = "<group>"; };
		E2D542EF1304878900C22202 /* WSPrep.m */ = {isa = PBXFileReference; fileEncoding = 4; lastKnownFileType = sourcecode.c.objc; name = WSPrep.m; path = Model/WSPrep.m; sourceTree = "<group>"; };
		E2D5A3D41304737000908FC4 /* WSPrepController.h */ = {isa = PBXFileReference; fileEncoding = 4; lastKnownFileType = sourcecode.c.h; path = WSPrepController.h; sourceTree = "<group>"; };
		E2D5A3D51304737000908FC4 /* WSPrepController.m */ = {isa = PBXFileReference; fileEncoding = 4; lastKnownFileType = sourcecode.c.objc; path = WSPrepController.m; sourceTree = "<group>"; };
		E2D5A3D7130473BB00908FC4 /* WSPrepViewCell.h */ = {isa = PBXFileReference; fileEncoding = 4; lastKnownFileType = sourcecode.c.h; path = WSPrepViewCell.h; sourceTree = "<group>"; };
		E2D5A3D8130473BB00908FC4 /* WSPrepViewCell.m */ = {isa = PBXFileReference; fileEncoding = 4; lastKnownFileType = sourcecode.c.objc; path = WSPrepViewCell.m; sourceTree = "<group>"; };
		E2D5A3DB1304745100908FC4 /* WSPrepViewCell.xib */ = {isa = PBXFileReference; fileEncoding = 4; lastKnownFileType = file.xib; path = WSPrepViewCell.xib; sourceTree = "<group>"; };
		E2D5A3DD130479CB00908FC4 /* 117-todo.png */ = {isa = PBXFileReference; lastKnownFileType = image.png; path = "117-todo.png"; sourceTree = "<group>"; };
		E2EC32F7140E679100197BBE /* UINavigationBar+ProfileColours.h */ = {isa = PBXFileReference; fileEncoding = 4; lastKnownFileType = sourcecode.c.h; name = "UINavigationBar+ProfileColours.h"; path = "View/UINavigationBar+ProfileColours.h"; sourceTree = "<group>"; };
		E2EC32F8140E679100197BBE /* UINavigationBar+ProfileColours.m */ = {isa = PBXFileReference; fileEncoding = 4; lastKnownFileType = sourcecode.c.objc; name = "UINavigationBar+ProfileColours.m"; path = "View/UINavigationBar+ProfileColours.m"; sourceTree = "<group>"; };
		E2F88B5912FDEA5B00D5D078 /* ASIAuthenticationDialog.h */ = {isa = PBXFileReference; fileEncoding = 4; lastKnownFileType = sourcecode.c.h; path = ASIAuthenticationDialog.h; sourceTree = "<group>"; };
		E2F88B5A12FDEA5B00D5D078 /* ASIAuthenticationDialog.m */ = {isa = PBXFileReference; fileEncoding = 4; lastKnownFileType = sourcecode.c.objc; path = ASIAuthenticationDialog.m; sourceTree = "<group>"; };
		E2F88B5B12FDEA5B00D5D078 /* ASICacheDelegate.h */ = {isa = PBXFileReference; fileEncoding = 4; lastKnownFileType = sourcecode.c.h; path = ASICacheDelegate.h; sourceTree = "<group>"; };
		E2F88B5C12FDEA5B00D5D078 /* ASIDataCompressor.h */ = {isa = PBXFileReference; fileEncoding = 4; lastKnownFileType = sourcecode.c.h; path = ASIDataCompressor.h; sourceTree = "<group>"; };
		E2F88B5D12FDEA5B00D5D078 /* ASIDataCompressor.m */ = {isa = PBXFileReference; fileEncoding = 4; lastKnownFileType = sourcecode.c.objc; path = ASIDataCompressor.m; sourceTree = "<group>"; };
		E2F88B5E12FDEA5B00D5D078 /* ASIDataDecompressor.h */ = {isa = PBXFileReference; fileEncoding = 4; lastKnownFileType = sourcecode.c.h; path = ASIDataDecompressor.h; sourceTree = "<group>"; };
		E2F88B5F12FDEA5B00D5D078 /* ASIDataDecompressor.m */ = {isa = PBXFileReference; fileEncoding = 4; lastKnownFileType = sourcecode.c.objc; path = ASIDataDecompressor.m; sourceTree = "<group>"; };
		E2F88B6012FDEA5B00D5D078 /* ASIDownloadCache.h */ = {isa = PBXFileReference; fileEncoding = 4; lastKnownFileType = sourcecode.c.h; path = ASIDownloadCache.h; sourceTree = "<group>"; };
		E2F88B6112FDEA5B00D5D078 /* ASIDownloadCache.m */ = {isa = PBXFileReference; fileEncoding = 4; lastKnownFileType = sourcecode.c.objc; path = ASIDownloadCache.m; sourceTree = "<group>"; };
		E2F88B6212FDEA5B00D5D078 /* ASIFormDataRequest.h */ = {isa = PBXFileReference; fileEncoding = 4; lastKnownFileType = sourcecode.c.h; path = ASIFormDataRequest.h; sourceTree = "<group>"; };
		E2F88B6312FDEA5B00D5D078 /* ASIFormDataRequest.m */ = {isa = PBXFileReference; fileEncoding = 4; lastKnownFileType = sourcecode.c.objc; path = ASIFormDataRequest.m; sourceTree = "<group>"; };
		E2F88B6412FDEA5B00D5D078 /* ASIHTTPRequest.h */ = {isa = PBXFileReference; fileEncoding = 4; lastKnownFileType = sourcecode.c.h; path = ASIHTTPRequest.h; sourceTree = "<group>"; };
		E2F88B6512FDEA5B00D5D078 /* ASIHTTPRequest.m */ = {isa = PBXFileReference; fileEncoding = 4; lastKnownFileType = sourcecode.c.objc; path = ASIHTTPRequest.m; sourceTree = "<group>"; };
		E2F88B6612FDEA5B00D5D078 /* ASIHTTPRequestConfig.h */ = {isa = PBXFileReference; fileEncoding = 4; lastKnownFileType = sourcecode.c.h; path = ASIHTTPRequestConfig.h; sourceTree = "<group>"; };
		E2F88B6712FDEA5B00D5D078 /* ASIHTTPRequestDelegate.h */ = {isa = PBXFileReference; fileEncoding = 4; lastKnownFileType = sourcecode.c.h; path = ASIHTTPRequestDelegate.h; sourceTree = "<group>"; };
		E2F88B6812FDEA5B00D5D078 /* ASIInputStream.h */ = {isa = PBXFileReference; fileEncoding = 4; lastKnownFileType = sourcecode.c.h; path = ASIInputStream.h; sourceTree = "<group>"; };
		E2F88B6912FDEA5B00D5D078 /* ASIInputStream.m */ = {isa = PBXFileReference; fileEncoding = 4; lastKnownFileType = sourcecode.c.objc; path = ASIInputStream.m; sourceTree = "<group>"; };
		E2F88B6A12FDEA5B00D5D078 /* ASINetworkQueue.h */ = {isa = PBXFileReference; fileEncoding = 4; lastKnownFileType = sourcecode.c.h; path = ASINetworkQueue.h; sourceTree = "<group>"; };
		E2F88B6B12FDEA5B00D5D078 /* ASINetworkQueue.m */ = {isa = PBXFileReference; fileEncoding = 4; lastKnownFileType = sourcecode.c.objc; path = ASINetworkQueue.m; sourceTree = "<group>"; };
		E2F88B6C12FDEA5B00D5D078 /* ASIProgressDelegate.h */ = {isa = PBXFileReference; fileEncoding = 4; lastKnownFileType = sourcecode.c.h; path = ASIProgressDelegate.h; sourceTree = "<group>"; };
		E2F88BD312FDF2B400D5D078 /* Reachability.h */ = {isa = PBXFileReference; fileEncoding = 4; lastKnownFileType = sourcecode.c.h; path = Reachability.h; sourceTree = "<group>"; };
		E2F88BD412FDF2B400D5D078 /* Reachability.m */ = {isa = PBXFileReference; fileEncoding = 4; lastKnownFileType = sourcecode.c.objc; path = Reachability.m; sourceTree = "<group>"; };
		E2FECD0412FDF85F0028A348 /* CFNetwork.framework */ = {isa = PBXFileReference; lastKnownFileType = wrapper.framework; name = CFNetwork.framework; path = System/Library/Frameworks/CFNetwork.framework; sourceTree = SDKROOT; };
		E2FECD0612FDF8720028A348 /* SystemConfiguration.framework */ = {isa = PBXFileReference; lastKnownFileType = wrapper.framework; name = SystemConfiguration.framework; path = System/Library/Frameworks/SystemConfiguration.framework; sourceTree = SDKROOT; };
		E2FECD0812FDF87B0028A348 /* MobileCoreServices.framework */ = {isa = PBXFileReference; lastKnownFileType = wrapper.framework; name = MobileCoreServices.framework; path = System/Library/Frameworks/MobileCoreServices.framework; sourceTree = SDKROOT; };
		E2FECD0C12FDFE5A0028A348 /* WSXMLDataParser.h */ = {isa = PBXFileReference; fileEncoding = 4; lastKnownFileType = sourcecode.c.h; path = WSXMLDataParser.h; sourceTree = "<group>"; };
		E2FECD0D12FDFE5A0028A348 /* WSXMLDataParser.m */ = {isa = PBXFileReference; fileEncoding = 4; lastKnownFileType = sourcecode.c.objc; path = WSXMLDataParser.m; sourceTree = "<group>"; };
		E2FECD1012FE03F80028A348 /* GDataXMLNode.h */ = {isa = PBXFileReference; fileEncoding = 4; lastKnownFileType = sourcecode.c.h; path = GDataXMLNode.h; sourceTree = "<group>"; };
		E2FECD1112FE03F80028A348 /* GDataXMLNode.m */ = {isa = PBXFileReference; fileEncoding = 4; lastKnownFileType = sourcecode.c.objc; path = GDataXMLNode.m; sourceTree = "<group>"; };
		E2FECD1512FE07130028A348 /* libxml2.dylib */ = {isa = PBXFileReference; lastKnownFileType = "compiled.mach-o.dylib"; name = libxml2.dylib; path = usr/lib/libxml2.dylib; sourceTree = SDKROOT; };
/* End PBXFileReference section */

/* Begin PBXFrameworksBuildPhase section */
		E29A26E21236C6F700C084B7 /* Frameworks */ = {
			isa = PBXFrameworksBuildPhase;
			buildActionMask = 2147483647;
			files = (
				8466990A146D41E9004BC05C /* libz.dylib in Frameworks */,
				E228C89E130F731D00E135FF /* MessageUI.framework in Frameworks */,
				E2A95F1D130763CE009CE9ED /* libsqlite3.0.dylib in Frameworks */,
				E2A77DBF1520FDC400B46720 /* libTapkuLibrary.a in Frameworks */,
				E2AE1C6E12FF046800A5CE4E /* QuartzCore.framework in Frameworks */,
				E2AE1C6A12FF02B700A5CE4E /* MapKit.framework in Frameworks */,
				E2FECD1612FE07130028A348 /* libxml2.dylib in Frameworks */,
				E2FECD0912FDF87B0028A348 /* MobileCoreServices.framework in Frameworks */,
				E2FECD0712FDF8720028A348 /* SystemConfiguration.framework in Frameworks */,
				E2FECD0512FDF85F0028A348 /* CFNetwork.framework in Frameworks */,
				E29A26E91236C6F700C084B7 /* UIKit.framework in Frameworks */,
				E29A26EB1236C6F700C084B7 /* Foundation.framework in Frameworks */,
				E29A26ED1236C6F700C084B7 /* CoreGraphics.framework in Frameworks */,
				E2A95F1B13076360009CE9ED /* libGoogleAnalytics.a in Frameworks */,
				E2A77DB51520EF5700B46720 /* libTestFlight.a in Frameworks */,
			);
			runOnlyForDeploymentPostprocessing = 0;
		};
/* End PBXFrameworksBuildPhase section */

/* Begin PBXGroup section */
		847064661518932F000536D8 /* Timetable */ = {
			isa = PBXGroup;
			children = (
				E2CB4B9F151D426E004766EB /* WSTimetableTableViewDelegate.h */,
				E2CB4BA0151D426E004766EB /* WSTimetableTableViewDelegate.m */,
				D8406FF614044FD90087A3CD /* WSTimetableDay.h */,
				D8406FF714044FDA0087A3CD /* WSTimetableDay.m */,
				D8406FF9140450A90087A3CD /* WSLesson.h */,
				D8406FFA140450AA0087A3CD /* WSLesson.m */,
			);
			name = Timetable;
			sourceTree = "<group>";
		};
		8470646715189339000536D8 /* Food */ = {
			isa = PBXGroup;
			children = (
				E2D05950125548AC00696D71 /* WSDayFood.h */,
				E2D05951125548AC00696D71 /* WSDayFood.m */,
				E2612CF112F4823200BB13E5 /* WSMealsTableViewDelegate.h */,
				E2612CF212F4823200BB13E5 /* WSMealsTableViewDelegate.m */,
			);
			name = Food;
			sourceTree = "<group>";
		};
		E212BEB7130FD83A0009F2D2 /* Images */ = {
			isa = PBXGroup;
			children = (
				E21801F61522556E000510F2 /* 11-clock.png */,
				E21801F815226481000510F2 /* 11-clock@2x.png */,
				E2871E4413258DD6009FB406 /* Default-Landscape~ipad.png */,
				E2871E4213258DCA009FB406 /* Default-Portrait~ipad.png */,
				E2871E4013258D57009FB406 /* Default.png */,
				E2CC48E813203A8E000B7138 /* 166-newspaper.png */,
				E2180202152265E3000510F2 /* 166-newspaper@2x.png */,
				E2B05BB713131B4B00D2E7CD /* 111-user.png */,
				E21801FE152265B9000510F2 /* 111-user@2x.png */,
				E212BEB5130FD8350009F2D2 /* 18-envelope.png */,
				E21801FA15226570000510F2 /* 18-envelope@2x.png */,
				E2A3710012F477C700061B2D /* 48-fork-and-knife.png */,
				E21801FC15226581000510F2 /* 48-fork-and-knife@2x.png */,
				E2D5A3DD130479CB00908FC4 /* 117-todo.png */,
				E2180200152265CC000510F2 /* 117-todo@2x.png */,
			);
			name = Images;
			sourceTree = "<group>";
		};
		E212BEB8130FD8570009F2D2 /* Nibs */ = {
			isa = PBXGroup;
			children = (
				E228C899130F626600E135FF /* WSAboutController.xib */,
				E2CC48E31320294D000B7138 /* WSCreditsController.xib */,
				E212BEBB130FE8360009F2D2 /* WSProfileController.xib */,
				E2897141130705F0005483A6 /* WSDetailPrep.xib */,
				E2D5A3DB1304745100908FC4 /* WSPrepViewCell.xib */,
				E2AE1C5112FED04500A5CE4E /* WSAuthController.xib */,
				E29437BB1263B5CF00CFF0C0 /* WSFoodViewController.xib */,
				E2AE1C7112FF3CA200A5CE4E /* WSNoticeController.xib */,
				D82085B813595B98002A83FF /* WSTimetableController.xib */,
				D8406FF31403D2EE0087A3CD /* WSClassCell.xib */,
			);
			name = Nibs;
			sourceTree = "<group>";
		};
		E225589D12FEC86400D34090 /* Controller */ = {
			isa = PBXGroup;
			children = (
				E26DADCE133280D200B6B0EC /* Preps */,
				E26DADCF133280EA00B6B0EC /* About */,
				E2AE1C6F12FF3CA200A5CE4E /* WSNoticeController.h */,
				E2AE1C7012FF3CA200A5CE4E /* WSNoticeController.m */,
				E2AE1C4F12FED04500A5CE4E /* WSAuthController.h */,
				E2AE1C5012FED04500A5CE4E /* WSAuthController.m */,
				E212BEB9130FE8360009F2D2 /* WSProfileController.h */,
				E212BEBA130FE8360009F2D2 /* WSProfileController.m */,
				E29437B91263B5CF00CFF0C0 /* WSFoodViewController.h */,
				E29437BA1263B5CF00CFF0C0 /* WSFoodViewController.m */,
				D82085B613595A70002A83FF /* WSTimetableController.h */,
				D82085B513595A70002A83FF /* WSTimetableController.m */,
			);
			name = Controller;
			sourceTree = "<group>";
		};
		E225589E12FEC86E00D34090 /* Model */ = {
			isa = PBXGroup;
			children = (
				8470646715189339000536D8 /* Food */,
				847064661518932F000536D8 /* Timetable */,
				E29A26F51236C6F700C084B7 /* WestminsterAppDelegate.h */,
				E29A26F61236C6F700C084B7 /* WestminsterAppDelegate.m */,
				84851F9F14F3A05100AF0B98 /* WSTabBarController.h */,
				84851FA014F3A05100AF0B98 /* WSTabBarController.m */,
				E262E05B1300A1FC008D4E18 /* WSDataManager.h */,
				E262E05C1300A1FD008D4E18 /* WSDataManager.m */,
				E212BED0130FEC910009F2D2 /* WSProfile.h */,
				E212BED1130FEC910009F2D2 /* WSProfile.m */,
				D88062FE1305AC87002774C7 /* WSNotice.h */,
				D88062FF1305AC87002774C7 /* WSNotice.m */,
				E2D542EE1304878800C22202 /* WSPrep.h */,
				E2D542EF1304878900C22202 /* WSPrep.m */,
			);
			name = Model;
			sourceTree = "<group>";
		};
		E235BA6A1459B5E700D1294F /* Products */ = {
			isa = PBXGroup;
			children = (
				E235BA6F1459B5E700D1294F /* libTapkuLibrary.a */,
				E235BA711459B5E700D1294F /* LogicTests.octest */,
			);
			name = Products;
			sourceTree = "<group>";
		};
		E26DADCE133280D200B6B0EC /* Preps */ = {
			isa = PBXGroup;
			children = (
				E2D5A3D41304737000908FC4 /* WSPrepController.h */,
				E2D5A3D51304737000908FC4 /* WSPrepController.m */,
				E289713F130705F0005483A6 /* WSDetailPrep.h */,
				E2897140130705F0005483A6 /* WSDetailPrep.m */,
			);
			name = Preps;
			sourceTree = "<group>";
		};
		E26DADCF133280EA00B6B0EC /* About */ = {
			isa = PBXGroup;
			children = (
				E2CC48E11320294C000B7138 /* WSCreditsController.h */,
				E2CC48E21320294C000B7138 /* WSCreditsController.m */,
				E228C897130F626600E135FF /* WSAboutController.h */,
				E228C898130F626600E135FF /* WSAboutController.m */,
			);
			name = About;
			sourceTree = "<group>";
		};
		E29A26D61236C6F700C084B7 = {
			isa = PBXGroup;
			children = (
				E29A26DD1236C6F700C084B7 /* Classes */,
				E29A26DE1236C6F700C084B7 /* Other Sources */,
				E29A26DF1236C6F700C084B7 /* Resources */,
				E29A26E01236C6F700C084B7 /* Frameworks */,
				E29A26E61236C6F700C084B7 /* Products */,
			);
			sourceTree = "<group>";
		};
		E29A26DD1236C6F700C084B7 /* Classes */ = {
			isa = PBXGroup;
			children = (
				E2D5A3DA130473CE00908FC4 /* View */,
				E2AE1C4B12FEC91800A5CE4E /* API */,
				E225589E12FEC86E00D34090 /* Model */,
				E225589D12FEC86400D34090 /* Controller */,
				E2F88BD012FDF2B400D5D078 /* Libraries */,
			);
			path = Classes;
			sourceTree = "<group>";
		};
		E29A26DE1236C6F700C084B7 /* Other Sources */ = {
			isa = PBXGroup;
			children = (
				E29A26EF1236C6F700C084B7 /* Westminster_Prefix.pch */,
				E29A26F31236C6F700C084B7 /* main.m */,
				E2A77DBA1520F5A700B46720 /* Westminster.entitlements */,
			);
			name = "Other Sources";
			sourceTree = "<group>";
		};
		E29A26DF1236C6F700C084B7 /* Resources */ = {
			isa = PBXGroup;
			children = (
				E2CC48E6132029CE000B7138 /* Credits.plist */,
				E212BEB8130FD8570009F2D2 /* Nibs */,
				E212BEB7130FD83A0009F2D2 /* Images */,
				E225589812FEBC2100D34090 /* iconiPad.png */,
				E225589612FEBB7300D34090 /* icon.png */,
				E29A26EE1236C6F700C084B7 /* Westminster-Info.plist */,
				E29A26F01236C6F700C084B7 /* InfoPlist.strings */,
			);
			name = Resources;
			sourceTree = "<group>";
		};
		E29A26E01236C6F700C084B7 /* Frameworks */ = {
			isa = PBXGroup;
			children = (
				E237B3B9145893E90033B38A /* libTapkuLibrary.a */,
				D840700B1405A75A0087A3CD /* libz.1.2.5.dylib */,
				E237B3B71458935D0033B38A /* TapkuLibrary.bundle */,
				E276925D132D40D3000302C2 /* TapkuLibrary.xcodeproj */,
				E228C89D130F731D00E135FF /* MessageUI.framework */,
				E2A95F1C130763CE009CE9ED /* libsqlite3.0.dylib */,
				E2A95F1813076345009CE9ED /* GAnalytics */,
				E2FECD1512FE07130028A348 /* libxml2.dylib */,
				E2AE1C6D12FF046700A5CE4E /* QuartzCore.framework */,
				E2AE1C6912FF02B600A5CE4E /* MapKit.framework */,
				E2FECD0812FDF87B0028A348 /* MobileCoreServices.framework */,
				E2FECD0612FDF8720028A348 /* SystemConfiguration.framework */,
				E2FECD0412FDF85F0028A348 /* CFNetwork.framework */,
				E29A26E81236C6F700C084B7 /* UIKit.framework */,
				E29A26EA1236C6F700C084B7 /* Foundation.framework */,
				E29A26EC1236C6F700C084B7 /* CoreGraphics.framework */,
			);
			name = Frameworks;
			sourceTree = "<group>";
		};
		E29A26E61236C6F700C084B7 /* Products */ = {
			isa = PBXGroup;
			children = (
				E29A26E51236C6F700C084B7 /* Westminster.app */,
			);
			name = Products;
			sourceTree = "<group>";
		};
		E2A77DB01520EF5700B46720 /* TestFlightSDK0.8.3 */ = {
			isa = PBXGroup;
			children = (
				E2A77DB11520EF5700B46720 /* libTestFlight.a */,
				E2A77DB21520EF5700B46720 /* README.txt */,
				E2A77DB31520EF5700B46720 /* release_notes.txt */,
				E2A77DB41520EF5700B46720 /* TestFlight.h */,
			);
			name = TestFlightSDK0.8.3;
			path = ../TestFlightSDK0.8.3;
			sourceTree = "<group>";
		};
		E2A95F1813076345009CE9ED /* GAnalytics */ = {
			isa = PBXGroup;
			children = (
				E2A95F1913076360009CE9ED /* GANTracker.h */,
				E2A95F1A13076360009CE9ED /* libGoogleAnalytics.a */,
			);
			name = GAnalytics;
			sourceTree = "<group>";
		};
		E2AE1C4A12FEC90400A5CE4E /* NSDate+Helper */ = {
			isa = PBXGroup;
			children = (
				E25723C5125E78E000B0380C /* NSDate+Helper.h */,
				E25723C6125E78E000B0380C /* NSDate+Helper.m */,
			);
			name = "NSDate+Helper";
			sourceTree = "<group>";
		};
		E2AE1C4B12FEC91800A5CE4E /* API */ = {
			isa = PBXGroup;
			children = (
				E2AE1C5412FED50300A5CE4E /* WSAuthManager.h */,
				E2AE1C5512FED50300A5CE4E /* WSAuthManager.m */,
				E29A271D1236CDAB00C084B7 /* WSDataFetcher.h */,
				E29A271E1236CDAB00C084B7 /* WSDataFetcher.m */,
				E225589A12FEC80C00D34090 /* WSAPIDelegate.h */,
				E225589B12FEC81100D34090 /* WSAPIDelegate.m */,
				E2FECD0C12FDFE5A0028A348 /* WSXMLDataParser.h */,
				E2FECD0D12FDFE5A0028A348 /* WSXMLDataParser.m */,
			);
			name = API;
			sourceTree = "<group>";
		};
		E2D5A3DA130473CE00908FC4 /* View */ = {
			isa = PBXGroup;
			children = (
				E2EC32F7140E679100197BBE /* UINavigationBar+ProfileColours.h */,
				E2EC32F8140E679100197BBE /* UINavigationBar+ProfileColours.m */,
				E26DADCB1332737600B6B0EC /* WSColouredNavigationBar.h */,
				E26DADCC1332737600B6B0EC /* WSColouredNavigationBar.m */,
				84706468151899A3000536D8 /* THPagedScrollView.h */,
				84706469151899A3000536D8 /* THPagedScrollView.m */,
				E2D5A3D7130473BB00908FC4 /* WSPrepViewCell.h */,
				E2D5A3D8130473BB00908FC4 /* WSPrepViewCell.m */,
				E29D7448131A9C0800B05163 /* WSNoticeCell.h */,
				E29D7449131A9C0800B05163 /* WSNoticeCell.m */,
				D8406FF11403D2EE0087A3CD /* WSClassCell.h */,
				D8406FF21403D2EE0087A3CD /* WSClassCell.m */,
			);
			name = View;
			sourceTree = "<group>";
		};
		E2F88B5812FDEA5B00D5D078 /* ASIHTTPRequest */ = {
			isa = PBXGroup;
			children = (
				E2F88B5912FDEA5B00D5D078 /* ASIAuthenticationDialog.h */,
				E2F88B5A12FDEA5B00D5D078 /* ASIAuthenticationDialog.m */,
				E2F88B5B12FDEA5B00D5D078 /* ASICacheDelegate.h */,
				E2F88B5C12FDEA5B00D5D078 /* ASIDataCompressor.h */,
				E2F88B5D12FDEA5B00D5D078 /* ASIDataCompressor.m */,
				E2F88B5E12FDEA5B00D5D078 /* ASIDataDecompressor.h */,
				E2F88B5F12FDEA5B00D5D078 /* ASIDataDecompressor.m */,
				E2F88B6012FDEA5B00D5D078 /* ASIDownloadCache.h */,
				E2F88B6112FDEA5B00D5D078 /* ASIDownloadCache.m */,
				E2F88B6212FDEA5B00D5D078 /* ASIFormDataRequest.h */,
				E2F88B6312FDEA5B00D5D078 /* ASIFormDataRequest.m */,
				E2F88B6412FDEA5B00D5D078 /* ASIHTTPRequest.h */,
				E2F88B6512FDEA5B00D5D078 /* ASIHTTPRequest.m */,
				E2F88B6612FDEA5B00D5D078 /* ASIHTTPRequestConfig.h */,
				E2F88B6712FDEA5B00D5D078 /* ASIHTTPRequestDelegate.h */,
				E2F88B6812FDEA5B00D5D078 /* ASIInputStream.h */,
				E2F88B6912FDEA5B00D5D078 /* ASIInputStream.m */,
				E2F88B6A12FDEA5B00D5D078 /* ASINetworkQueue.h */,
				E2F88B6B12FDEA5B00D5D078 /* ASINetworkQueue.m */,
				E2F88B6C12FDEA5B00D5D078 /* ASIProgressDelegate.h */,
			);
			name = ASIHTTPRequest;
			path = ../Classes;
			sourceTree = "<group>";
		};
		E2F88BD012FDF2B400D5D078 /* Libraries */ = {
			isa = PBXGroup;
			children = (
				E2A77DB01520EF5700B46720 /* TestFlightSDK0.8.3 */,
				84669909146D41E9004BC05C /* libz.dylib */,
				E20C8BE8130AEB3B002AE235 /* UILabel+VerticalAlign.h */,
				E20C8BE9130AEB3B002AE235 /* UILabel+VerticalAlign.m */,
				E2AE1C4A12FEC90400A5CE4E /* NSDate+Helper */,
				E2FECD0F12FE03410028A348 /* GDataXML */,
				E2F88B5812FDEA5B00D5D078 /* ASIHTTPRequest */,
				E2F88BD212FDF2B400D5D078 /* Reachability */,
			);
			name = Libraries;
			path = External;
			sourceTree = "<group>";
		};
		E2F88BD212FDF2B400D5D078 /* Reachability */ = {
			isa = PBXGroup;
			children = (
				E2F88BD312FDF2B400D5D078 /* Reachability.h */,
				E2F88BD412FDF2B400D5D078 /* Reachability.m */,
			);
			path = Reachability;
			sourceTree = "<group>";
		};
		E2FECD0F12FE03410028A348 /* GDataXML */ = {
			isa = PBXGroup;
			children = (
				E2FECD1012FE03F80028A348 /* GDataXMLNode.h */,
				E2FECD1112FE03F80028A348 /* GDataXMLNode.m */,
			);
			name = GDataXML;
			path = ../Classes;
			sourceTree = "<group>";
		};
/* End PBXGroup section */

/* Begin PBXNativeTarget section */
		E29A26E41236C6F700C084B7 /* Westminster */ = {
			isa = PBXNativeTarget;
			buildConfigurationList = E29A27091236C6F700C084B7 /* Build configuration list for PBXNativeTarget "Westminster" */;
			buildPhases = (
				E29A26E11236C6F700C084B7 /* Sources */,
				E29A26E21236C6F700C084B7 /* Frameworks */,
				E29A26E31236C6F700C084B7 /* Resources */,
			);
			buildRules = (
			);
			dependencies = (
			);
			name = Westminster;
			productName = Westminster;
			productReference = E29A26E51236C6F700C084B7 /* Westminster.app */;
			productType = "com.apple.product-type.application";
		};
/* End PBXNativeTarget section */

/* Begin PBXProject section */
		E29A26D81236C6F700C084B7 /* Project object */ = {
			isa = PBXProject;
			attributes = {
				LastUpgradeCheck = 0420;
			};
			buildConfigurationList = E29A26DB1236C6F700C084B7 /* Build configuration list for PBXProject "Westminster" */;
			compatibilityVersion = "Xcode 3.2";
			developmentRegion = English;
			hasScannedForEncodings = 0;
			knownRegions = (
				en,
			);
			mainGroup = E29A26D61236C6F700C084B7;
			productRefGroup = E29A26E61236C6F700C084B7 /* Products */;
			projectDirPath = "";
			projectReferences = (
				{
					ProductGroup = E235BA6A1459B5E700D1294F /* Products */;
					ProjectRef = E276925D132D40D3000302C2 /* TapkuLibrary.xcodeproj */;
				},
			);
			projectRoot = "";
			targets = (
				E29A26E41236C6F700C084B7 /* Westminster */,
			);
		};
/* End PBXProject section */

/* Begin PBXReferenceProxy section */
		E235BA6F1459B5E700D1294F /* libTapkuLibrary.a */ = {
			isa = PBXReferenceProxy;
			fileType = archive.ar;
			path = libTapkuLibrary.a;
			remoteRef = E235BA6E1459B5E700D1294F /* PBXContainerItemProxy */;
			sourceTree = BUILT_PRODUCTS_DIR;
		};
		E235BA711459B5E700D1294F /* LogicTests.octest */ = {
			isa = PBXReferenceProxy;
			fileType = wrapper.cfbundle;
			path = LogicTests.octest;
			remoteRef = E235BA701459B5E700D1294F /* PBXContainerItemProxy */;
			sourceTree = BUILT_PRODUCTS_DIR;
		};
/* End PBXReferenceProxy section */

/* Begin PBXResourcesBuildPhase section */
		E29A26E31236C6F700C084B7 /* Resources */ = {
			isa = PBXResourcesBuildPhase;
			buildActionMask = 2147483647;
			files = (
				E29A26F21236C6F700C084B7 /* InfoPlist.strings in Resources */,
				E29437BD1263B5CF00CFF0C0 /* WSFoodViewController.xib in Resources */,
				E2A3710112F477C700061B2D /* 48-fork-and-knife.png in Resources */,
				E225589712FEBB7300D34090 /* icon.png in Resources */,
				E225589912FEBC2100D34090 /* iconiPad.png in Resources */,
				E2AE1C5312FED04500A5CE4E /* WSAuthController.xib in Resources */,
				E2AE1C7312FF3CA300A5CE4E /* WSNoticeController.xib in Resources */,
				E2D5A3DC1304745100908FC4 /* WSPrepViewCell.xib in Resources */,
				E2D5A3DE130479CB00908FC4 /* 117-todo.png in Resources */,
				E2897143130705F0005483A6 /* WSDetailPrep.xib in Resources */,
				E228C89B130F626600E135FF /* WSAboutController.xib in Resources */,
				E212BEB6130FD8350009F2D2 /* 18-envelope.png in Resources */,
				E212BEBD130FE8360009F2D2 /* WSProfileController.xib in Resources */,
				E2B05BB813131B4B00D2E7CD /* 111-user.png in Resources */,
				E2CC48E51320294D000B7138 /* WSCreditsController.xib in Resources */,
				E2CC48E7132029CE000B7138 /* Credits.plist in Resources */,
				E2CC48E913203A8E000B7138 /* 166-newspaper.png in Resources */,
				E2871E4113258D57009FB406 /* Default.png in Resources */,
				E2871E4313258DCA009FB406 /* Default-Portrait~ipad.png in Resources */,
				E2871E4513258DD6009FB406 /* Default-Landscape~ipad.png in Resources */,
				D82085B913595B98002A83FF /* WSTimetableController.xib in Resources */,
				D8406FF51403D2EE0087A3CD /* WSClassCell.xib in Resources */,
				E237B3B81458935D0033B38A /* TapkuLibrary.bundle in Resources */,
				E2A77DB61520EF5700B46720 /* README.txt in Resources */,
				E2A77DB71520EF5700B46720 /* release_notes.txt in Resources */,
				E21801F71522556E000510F2 /* 11-clock.png in Resources */,
				E21801F915226481000510F2 /* 11-clock@2x.png in Resources */,
				E21801FB15226570000510F2 /* 18-envelope@2x.png in Resources */,
				E21801FD15226581000510F2 /* 48-fork-and-knife@2x.png in Resources */,
				E21801FF152265B9000510F2 /* 111-user@2x.png in Resources */,
				E2180201152265CC000510F2 /* 117-todo@2x.png in Resources */,
				E2180203152265E3000510F2 /* 166-newspaper@2x.png in Resources */,
			);
			runOnlyForDeploymentPostprocessing = 0;
		};
/* End PBXResourcesBuildPhase section */

/* Begin PBXSourcesBuildPhase section */
		E29A26E11236C6F700C084B7 /* Sources */ = {
			isa = PBXSourcesBuildPhase;
			buildActionMask = 2147483647;
			files = (
				E29A26F41236C6F700C084B7 /* main.m in Sources */,
				E29A26F71236C6F700C084B7 /* WestminsterAppDelegate.m in Sources */,
				E29A271F1236CDAB00C084B7 /* WSDataFetcher.m in Sources */,
				E2D05952125548AC00696D71 /* WSDayFood.m in Sources */,
				E25723C7125E78E000B0380C /* NSDate+Helper.m in Sources */,
				E29437BC1263B5CF00CFF0C0 /* WSFoodViewController.m in Sources */,
				E2612CF312F4823200BB13E5 /* WSMealsTableViewDelegate.m in Sources */,
				E2F88BAB12FDEA5B00D5D078 /* ASIAuthenticationDialog.m in Sources */,
				E2F88BAC12FDEA5B00D5D078 /* ASIDataCompressor.m in Sources */,
				E2F88BAD12FDEA5B00D5D078 /* ASIDataDecompressor.m in Sources */,
				E2F88BAE12FDEA5B00D5D078 /* ASIDownloadCache.m in Sources */,
				E2F88BAF12FDEA5B00D5D078 /* ASIFormDataRequest.m in Sources */,
				E2F88BB012FDEA5B00D5D078 /* ASIHTTPRequest.m in Sources */,
				E2F88BB112FDEA5B00D5D078 /* ASIInputStream.m in Sources */,
				E2F88BB212FDEA5B00D5D078 /* ASINetworkQueue.m in Sources */,
				E2F88BD512FDF2B400D5D078 /* Reachability.m in Sources */,
				E2FECD0E12FDFE5A0028A348 /* WSXMLDataParser.m in Sources */,
				E2FECD1212FE03F80028A348 /* GDataXMLNode.m in Sources */,
				E225589C12FEC81600D34090 /* WSAPIDelegate.m in Sources */,
				E2AE1C5212FED04500A5CE4E /* WSAuthController.m in Sources */,
				E2AE1C5612FED50400A5CE4E /* WSAuthManager.m in Sources */,
				E2AE1C7212FF3CA300A5CE4E /* WSNoticeController.m in Sources */,
				E262E05D1300A1FF008D4E18 /* WSDataManager.m in Sources */,
				E2D5A3D61304737000908FC4 /* WSPrepController.m in Sources */,
				E2D5A3D9130473BB00908FC4 /* WSPrepViewCell.m in Sources */,
				E2D542F01304878900C22202 /* WSPrep.m in Sources */,
				D88063001305AC87002774C7 /* WSNotice.m in Sources */,
				E2897142130705F0005483A6 /* WSDetailPrep.m in Sources */,
				E20C8BEA130AEB3C002AE235 /* UILabel+VerticalAlign.m in Sources */,
				E228C89A130F626600E135FF /* WSAboutController.m in Sources */,
				E212BEBC130FE8360009F2D2 /* WSProfileController.m in Sources */,
				E212BED2130FEC910009F2D2 /* WSProfile.m in Sources */,
				E29D744A131A9C0800B05163 /* WSNoticeCell.m in Sources */,
				E2CC48E41320294D000B7138 /* WSCreditsController.m in Sources */,
				E26DADCD1332737600B6B0EC /* WSColouredNavigationBar.m in Sources */,
				D82085B713595A70002A83FF /* WSTimetableController.m in Sources */,
				D8406FF41403D2EE0087A3CD /* WSClassCell.m in Sources */,
				D8406FF814044FDC0087A3CD /* WSTimetableDay.m in Sources */,
				D8406FFB140450AB0087A3CD /* WSLesson.m in Sources */,
				E2EC32F9140E679100197BBE /* UINavigationBar+ProfileColours.m in Sources */,
				84851FA114F3A05100AF0B98 /* WSTabBarController.m in Sources */,
				8470646A151899A3000536D8 /* THPagedScrollView.m in Sources */,
				E2CB4BA1151D426E004766EB /* WSTimetableTableViewDelegate.m in Sources */,
			);
			runOnlyForDeploymentPostprocessing = 0;
		};
/* End PBXSourcesBuildPhase section */

/* Begin PBXVariantGroup section */
		E29A26F01236C6F700C084B7 /* InfoPlist.strings */ = {
			isa = PBXVariantGroup;
			children = (
				E29A26F11236C6F700C084B7 /* en */,
			);
			name = InfoPlist.strings;
			sourceTree = "<group>";
		};
/* End PBXVariantGroup section */

/* Begin XCBuildConfiguration section */
		E29A27071236C6F700C084B7 /* Debug */ = {
			isa = XCBuildConfiguration;
			buildSettings = {
				ARCHS = (
					armv6,
					armv7,
				);
				"CODE_SIGN_IDENTITY[sdk=iphoneos*]" = "iPhone Distribution: Jehangir Ghandhi";
				GCC_C_LANGUAGE_STANDARD = gnu99;
				GCC_OPTIMIZATION_LEVEL = 0;
				GCC_PREPROCESSOR_DEFINITIONS = DEBUG;
				GCC_WARN_ABOUT_RETURN_TYPE = YES;
				GCC_WARN_UNUSED_VARIABLE = YES;
				HEADER_SEARCH_PATHS = /usr/include/libxml2;
				IPHONEOS_DEPLOYMENT_TARGET = 4.3;
				LIBRARY_SEARCH_PATHS = "";
				OTHER_LDFLAGS = "-lxml2";
				"PROVISIONING_PROFILE[sdk=iphoneos*]" = "FCC6B102-E2CB-419A-8283-19A2B6BDC47A";
				SDKROOT = iphoneos;
			};
			name = Debug;
		};
		E29A27081236C6F700C084B7 /* Release */ = {
			isa = XCBuildConfiguration;
			buildSettings = {
				ARCHS = (
					armv6,
					armv7,
				);
				"CODE_SIGN_IDENTITY[sdk=iphoneos*]" = "iPhone Distribution: Jehangir Ghandhi";
				GCC_C_LANGUAGE_STANDARD = gnu99;
				GCC_WARN_ABOUT_RETURN_TYPE = YES;
				GCC_WARN_UNUSED_VARIABLE = YES;
				HEADER_SEARCH_PATHS = /usr/include/libxml2;
				IPHONEOS_DEPLOYMENT_TARGET = 4.3;
				LIBRARY_SEARCH_PATHS = "";
				OTHER_CFLAGS = "-DNS_BLOCK_ASSERTIONS=1";
				OTHER_LDFLAGS = "-lxml2";
				"PROVISIONING_PROFILE[sdk=iphoneos*]" = "FCC6B102-E2CB-419A-8283-19A2B6BDC47A";
				SDKROOT = iphoneos;
			};
			name = Release;
		};
		E29A270A1236C6F700C084B7 /* Debug */ = {
			isa = XCBuildConfiguration;
			buildSettings = {
				ALWAYS_SEARCH_USER_PATHS = NO;
				CODE_SIGN_ENTITLEMENTS = "";
				CODE_SIGN_IDENTITY = "iPhone Developer";
				"CODE_SIGN_IDENTITY[sdk=iphoneos*]" = "iPhone Developer";
				COPY_PHASE_STRIP = NO;
				FRAMEWORK_SEARCH_PATHS = "$(inherited)";
				GCC_DYNAMIC_NO_PIC = NO;
				GCC_OPTIMIZATION_LEVEL = s;
				GCC_PRECOMPILE_PREFIX_HEADER = YES;
				GCC_PREFIX_HEADER = Westminster_Prefix.pch;
				GCC_VERSION = com.apple.compilers.llvmgcc42;
				HEADER_SEARCH_PATHS = (
					/usr/include/libxml2,
					tapku/src/,
				);
				INFOPLIST_FILE = "Westminster-Info.plist";
				IPHONEOS_DEPLOYMENT_TARGET = 4.2;
				LIBRARY_SEARCH_PATHS = (
					"$(inherited)",
					"\"$(SRCROOT)\"",
					"\"$(SRCROOT)/Classes/TestFlightSDK0.8.3\"",
					"\"$(SRCROOT)/tapku/src\"",
				);
				OTHER_LDFLAGS = (
					"-lxml2",
					"-ObjC",
					"-all_load",
				);
				PRODUCT_NAME = Westminster;
				PROVISIONING_PROFILE = "";
				"PROVISIONING_PROFILE[sdk=iphoneos*]" = "";
				SDKROOT = iphoneos;
				SUPPORTED_PLATFORMS = "iphonesimulator iphoneos";
				TARGETED_DEVICE_FAMILY = "1,2";
				VALID_ARCHS = "armv6 armv7 i386";
				WRAPPER_EXTENSION = app;
			};
			name = Debug;
		};
		E29A270B1236C6F700C084B7 /* Release */ = {
			isa = XCBuildConfiguration;
			buildSettings = {
				ALWAYS_SEARCH_USER_PATHS = NO;
				CODE_SIGN_ENTITLEMENTS = "";
				CODE_SIGN_IDENTITY = "iPhone Developer";
				"CODE_SIGN_IDENTITY[sdk=iphoneos*]" = "iPhone Developer";
				COPY_PHASE_STRIP = NO;
				FRAMEWORK_SEARCH_PATHS = "$(inherited)";
				GCC_OPTIMIZATION_LEVEL = s;
				GCC_PRECOMPILE_PREFIX_HEADER = YES;
				GCC_PREFIX_HEADER = Westminster_Prefix.pch;
				GCC_VERSION = com.apple.compilers.llvmgcc42;
				HEADER_SEARCH_PATHS = (
					/usr/include/libxml2,
					tapku/src/,
				);
				INFOPLIST_FILE = "Westminster-Info.plist";
				IPHONEOS_DEPLOYMENT_TARGET = 4.2;
				LIBRARY_SEARCH_PATHS = (
					"$(inherited)",
					"\"$(SRCROOT)\"",
					"\"$(SRCROOT)/Classes/TestFlightSDK0.8.3\"",
					"\"$(SRCROOT)/tapku/src\"",
				);
				OTHER_LDFLAGS = (
					"-lxml2",
					"-ObjC",
					"-all_load",
				);
				PRODUCT_NAME = Westminster;
				PROVISIONING_PROFILE = "";
				"PROVISIONING_PROFILE[sdk=iphoneos*]" = "";
				SDKROOT = iphoneos;
				SUPPORTED_PLATFORMS = "iphonesimulator iphoneos";
				TARGETED_DEVICE_FAMILY = "1,2";
				VALIDATE_PRODUCT = YES;
				VALID_ARCHS = "armv6 armv7 i386";
				WRAPPER_EXTENSION = app;
			};
			name = Release;
		};
		E2A77DB81520F4DA00B46720 /* Ad hoc */ = {
			isa = XCBuildConfiguration;
			buildSettings = {
				ARCHS = (
					armv6,
					armv7,
				);
				"CODE_SIGN_IDENTITY[sdk=iphoneos*]" = "iPhone Distribution: Jehangir Ghandhi";
				GCC_C_LANGUAGE_STANDARD = gnu99;
				GCC_WARN_ABOUT_RETURN_TYPE = YES;
				GCC_WARN_UNUSED_VARIABLE = YES;
				HEADER_SEARCH_PATHS = /usr/include/libxml2;
				IPHONEOS_DEPLOYMENT_TARGET = 4.3;
				LIBRARY_SEARCH_PATHS = "";
				OTHER_CFLAGS = "-DNS_BLOCK_ASSERTIONS=1";
				OTHER_LDFLAGS = "-lxml2";
				"PROVISIONING_PROFILE[sdk=iphoneos*]" = "FCC6B102-E2CB-419A-8283-19A2B6BDC47A";
				SDKROOT = iphoneos;
			};
			name = "Ad hoc";
		};
		E2A77DB91520F4DA00B46720 /* Ad hoc */ = {
			isa = XCBuildConfiguration;
			buildSettings = {
				ALWAYS_SEARCH_USER_PATHS = NO;
				CODE_SIGN_ENTITLEMENTS = Westminster.entitlements;
				CODE_SIGN_IDENTITY = "iPhone Developer";
				"CODE_SIGN_IDENTITY[sdk=iphoneos*]" = "iPhone Developer";
				COPY_PHASE_STRIP = NO;
				FRAMEWORK_SEARCH_PATHS = "$(inherited)";
				GCC_OPTIMIZATION_LEVEL = s;
				GCC_PRECOMPILE_PREFIX_HEADER = YES;
				GCC_PREFIX_HEADER = Westminster_Prefix.pch;
				GCC_VERSION = com.apple.compilers.llvmgcc42;
				HEADER_SEARCH_PATHS = (
					/usr/include/libxml2,
					tapku/src/,
				);
				INFOPLIST_FILE = "Westminster-Info.plist";
				IPHONEOS_DEPLOYMENT_TARGET = 4.2;
				LIBRARY_SEARCH_PATHS = (
					"$(inherited)",
					"\"$(SRCROOT)\"",
					"\"$(SRCROOT)/Classes/TestFlightSDK0.8.3\"",
					"\"$(SRCROOT)/tapku/src\"",
				);
				OTHER_LDFLAGS = (
					"-lxml2",
					"-ObjC",
					"-all_load",
				);
				PRODUCT_NAME = Westminster;
				PROVISIONING_PROFILE = "";
				"PROVISIONING_PROFILE[sdk=iphoneos*]" = "";
				SDKROOT = iphoneos;
				SUPPORTED_PLATFORMS = "iphonesimulator iphoneos";
				TARGETED_DEVICE_FAMILY = "1,2";
				VALIDATE_PRODUCT = YES;
				VALID_ARCHS = "armv6 armv7 i386";
				WRAPPER_EXTENSION = app;
			};
			name = "Ad hoc";
		};
/* End XCBuildConfiguration section */

/* Begin XCConfigurationList section */
		E29A26DB1236C6F700C084B7 /* Build configuration list for PBXProject "Westminster" */ = {
			isa = XCConfigurationList;
			buildConfigurations = (
				E29A27071236C6F700C084B7 /* Debug */,
				E29A27081236C6F700C084B7 /* Release */,
				E2A77DB81520F4DA00B46720 /* Ad hoc */,
			);
			defaultConfigurationIsVisible = 0;
			defaultConfigurationName = Release;
		};
		E29A27091236C6F700C084B7 /* Build configuration list for PBXNativeTarget "Westminster" */ = {
			isa = XCConfigurationList;
			buildConfigurations = (
				E29A270A1236C6F700C084B7 /* Debug */,
				E29A270B1236C6F700C084B7 /* Release */,
				E2A77DB91520F4DA00B46720 /* Ad hoc */,
			);
			defaultConfigurationIsVisible = 0;
			defaultConfigurationName = Release;
		};
/* End XCConfigurationList section */
	};
	rootObject = E29A26D81236C6F700C084B7 /* Project object */;
}
